
Microsoft Visual Studio Solution File, Format Version 12.00
# Visual Studio Version 17
VisualStudioVersion = 17.14.37111.16 d17.14
MinimumVisualStudioVersion = 10.0.40219.1
Project("{FAE04EC0-301F-11D3-BF4B-00C04F79EFBC}") = "ЛБ 1", "ЛБ 1\ЛБ 1.csproj", "{22A546DF-D81C-43F6-93C3-9268525EB8E4}"
EndProject
Global
	GlobalSection(SolutionConfigurationPlatforms) = preSolution
		Debug|Any CPU = Debug|Any CPU
		Release|Any CPU = Release|Any CPU
	EndGlobalSection
	GlobalSection(ProjectConfigurationPlatforms) = postSolution
		{22A546DF-D81C-43F6-93C3-9268525EB8E4}.Debug|Any CPU.ActiveCfg = Debug|Any CPU
		{22A546DF-D81C-43F6-93C3-9268525EB8E4}.Debug|Any CPU.Build.0 = Debug|Any CPU
		{22A546DF-D81C-43F6-93C3-9268525EB8E4}.Release|Any CPU.ActiveCfg = Release|Any CPU
		{22A546DF-D81C-43F6-93C3-9268525EB8E4}.Release|Any CPU.Build.0 = Release|Any CPU
	EndGlobalSection
	GlobalSection(SolutionProperties) = preSolution
		HideSolutionNode = FALSE
	EndGlobalSection
	GlobalSection(ExtensibilityGlobals) = postSolution
		SolutionGuid = {76C2EB54-B5A0-47B4-960D-193AB5F57DE1}
	EndGlobalSection
EndGlobal
